
Microsoft Visual Studio Solution File, Format Version 12.00
# Visual Studio Version 16
VisualStudioVersion = 16.0.29519.87
MinimumVisualStudioVersion = 10.0.40219.1
Project("{FAE04EC0-301F-11D3-BF4B-00C04F79EFBC}") = "Control de turno", "Control de turno\Control de turno.csproj", "{6F34D205-49BA-4165-B6D4-F608B40CAFEC}"
EndProject
Project("{FAE04EC0-301F-11D3-BF4B-00C04F79EFBC}") = "ServerSocket_Ticket", "ServerSocket_Ticket\ServerSocket_Ticket.csproj", "{92029055-E81A-47B9-88A3-9302787A3D74}"
EndProject
Global
	GlobalSection(SolutionConfigurationPlatforms) = preSolution
		Debug|Any CPU = Debug|Any CPU
		Release|Any CPU = Release|Any CPU
	EndGlobalSection
	GlobalSection(ProjectConfigurationPlatforms) = postSolution
		{6F34D205-49BA-4165-B6D4-F608B40CAFEC}.Debug|Any CPU.ActiveCfg = Debug|Any CPU
		{6F34D205-49BA-4165-B6D4-F608B40CAFEC}.Debug|Any CPU.Build.0 = Debug|Any CPU
		{6F34D205-49BA-4165-B6D4-F608B40CAFEC}.Release|Any CPU.ActiveCfg = Release|Any CPU
		{6F34D205-49BA-4165-B6D4-F608B40CAFEC}.Release|Any CPU.Build.0 = Release|Any CPU
		{92029055-E81A-47B9-88A3-9302787A3D74}.Debug|Any CPU.ActiveCfg = Debug|Any CPU
		{92029055-E81A-47B9-88A3-9302787A3D74}.Debug|Any CPU.Build.0 = Debug|Any CPU
		{92029055-E81A-47B9-88A3-9302787A3D74}.Release|Any CPU.ActiveCfg = Release|Any CPU
		{92029055-E81A-47B9-88A3-9302787A3D74}.Release|Any CPU.Build.0 = Release|Any CPU
	EndGlobalSection
	GlobalSection(SolutionProperties) = preSolution
		HideSolutionNode = FALSE
	EndGlobalSection
	GlobalSection(ExtensibilityGlobals) = postSolution
		SolutionGuid = {8A85AA33-46C6-4EB0-AC90-94EA7EB58B55}
	EndGlobalSection
EndGlobal
